
Microsoft Visual Studio Solution File, Format Version 12.00
# Visual Studio Version 17
VisualStudioVersion = 17.9.34723.18
MinimumVisualStudioVersion = 10.0.40219.1
Project("{FAE04EC0-301F-11D3-BF4B-00C04F79EFBC}") = "Assignment2", "Assignment2.csproj", "{538F1749-966E-43E8-B844-7431A432BF84}"
EndProject
Global
	GlobalSection(SolutionConfigurationPlatforms) = preSolution
		Debug|Any CPU = Debug|Any CPU
		Release|Any CPU = Release|Any CPU
	EndGlobalSection
	GlobalSection(ProjectConfigurationPlatforms) = postSolution
		{538F1749-966E-43E8-B844-7431A432BF84}.Debug|Any CPU.ActiveCfg = Debug|Any CPU
		{538F1749-966E-43E8-B844-7431A432BF84}.Debug|Any CPU.Build.0 = Debug|Any CPU
		{538F1749-966E-43E8-B844-7431A432BF84}.Release|Any CPU.ActiveCfg = Release|Any CPU
		{538F1749-966E-43E8-B844-7431A432BF84}.Release|Any CPU.Build.0 = Release|Any CPU
	EndGlobalSection
	GlobalSection(SolutionProperties) = preSolution
		HideSolutionNode = FALSE
	EndGlobalSection
	GlobalSection(ExtensibilityGlobals) = postSolution
		SolutionGuid = {22C1ACA9-CF9E-4EAE-9E5F-E199440D68F0}
	EndGlobalSection
EndGlobal
